
Microsoft Visual Studio Solution File, Format Version 12.00
# Visual Studio Version 17
VisualStudioVersion = 17.8.34322.80
MinimumVisualStudioVersion = 10.0.40219.1
Project("{FAE04EC0-301F-11D3-BF4B-00C04F79EFBC}") = "virágkötés", "virágkötés\virágkötés.csproj", "{52D758C0-9056-46B3-8A0F-E75E8650616F}"
EndProject
Global
	GlobalSection(SolutionConfigurationPlatforms) = preSolution
		Debug|Any CPU = Debug|Any CPU
		Release|Any CPU = Release|Any CPU
	EndGlobalSection
	GlobalSection(ProjectConfigurationPlatforms) = postSolution
		{52D758C0-9056-46B3-8A0F-E75E8650616F}.Debug|Any CPU.ActiveCfg = Debug|Any CPU
		{52D758C0-9056-46B3-8A0F-E75E8650616F}.Debug|Any CPU.Build.0 = Debug|Any CPU
		{52D758C0-9056-46B3-8A0F-E75E8650616F}.Release|Any CPU.ActiveCfg = Release|Any CPU
		{52D758C0-9056-46B3-8A0F-E75E8650616F}.Release|Any CPU.Build.0 = Release|Any CPU
	EndGlobalSection
	GlobalSection(SolutionProperties) = preSolution
		HideSolutionNode = FALSE
	EndGlobalSection
	GlobalSection(ExtensibilityGlobals) = postSolution
		SolutionGuid = {9BD65E3E-8B6C-4121-9DDA-E8CAB9B55112}
	EndGlobalSection
EndGlobal
